// !$*UTF8*$!
{
	archiveVersion = 1;
	classes = {
	};
	objectVersion = 56;
	objects = {

/* Begin PBXBuildFile section */
		1C0000000000000000000001 /* AppDelegate.swift in Sources */ = {isa = PBXBuildFile; fileRef = 1B0000000000000000000001 /* AppDelegate.swift */; };
		1C0000000000000000000002 /* Settings.swift in Sources */ = {isa = PBXBuildFile; fileRef = 1B0000000000000000000002 /* Settings.swift */; };
		1C0000000000000000000003 /* WebController.swift in Sources */ = {isa = PBXBuildFile; fileRef = 1B0000000000000000000003 /* WebController.swift */; };
		1C0000000000000000000004 /* FloatingPanel.swift in Sources */ = {isa = PBXBuildFile; fileRef = 1B0000000000000000000004 /* FloatingPanel.swift */; };
		1C0000000000000000000005 /* PrompterWindowController.swift in Sources */ = {isa = PBXBuildFile; fileRef = 1B0000000000000000000005 /* PrompterWindowController.swift */; };
		1C0000000000000000000006 /* StatusItemController.swift in Sources */ = {isa = PBXBuildFile; fileRef = 1B0000000000000000000006 /* StatusItemController.swift */; };
		1C0000000000000000000007 /* ComposerWindow.swift in Sources */ = {isa = PBXBuildFile; fileRef = 1B0000000000000000000007 /* ComposerWindow.swift */; };
		1C0000000000000000000008 /* HotKeyManager.swift in Sources */ = {isa = PBXBuildFile; fileRef = 1B0000000000000000000008 /* HotKeyManager.swift */; };
		1C0000000000000000000009 /* PreferencesWindow.swift in Sources */ = {isa = PBXBuildFile; fileRef = 1B0000000000000000000009 /* PreferencesWindow.swift */; };
		1C0000000000000000000010 /* index.html in Resources */ = {isa = PBXBuildFile; fileRef = 1B0000000000000000000010 /* index.html */; };
/* End PBXBuildFile section */

/* Begin PBXFileReference section */
		1B0000000000000000000001 /* AppDelegate.swift */ = {isa = PBXFileReference; lastKnownFileType = sourcecode.swift; path = AppDelegate.swift; sourceTree = "<group>"; };
		1B0000000000000000000002 /* Settings.swift */ = {isa = PBXFileReference; lastKnownFileType = sourcecode.swift; path = Settings.swift; sourceTree = "<group>"; };
		1B0000000000000000000003 /* WebController.swift */ = {isa = PBXFileReference; lastKnownFileType = sourcecode.swift; path = WebController.swift; sourceTree = "<group>"; };
		1B0000000000000000000004 /* FloatingPanel.swift */ = {isa = PBXFileReference; lastKnownFileType = sourcecode.swift; path = FloatingPanel.swift; sourceTree = "<group>"; };
		1B0000000000000000000005 /* PrompterWindowController.swift */ = {isa = PBXFileReference; lastKnownFileType = sourcecode.swift; path = PrompterWindowController.swift; sourceTree = "<group>"; };
		1B0000000000000000000006 /* StatusItemController.swift */ = {isa = PBXFileReference; lastKnownFileType = sourcecode.swift; path = StatusItemController.swift; sourceTree = "<group>"; };
		1B0000000000000000000007 /* ComposerWindow.swift */ = {isa = PBXFileReference; lastKnownFileType = sourcecode.swift; path = ComposerWindow.swift; sourceTree = "<group>"; };
		1B0000000000000000000008 /* HotKeyManager.swift */ = {isa = PBXFileReference; lastKnownFileType = sourcecode.swift; path = HotKeyManager.swift; sourceTree = "<group>"; };
		1B0000000000000000000009 /* PreferencesWindow.swift */ = {isa = PBXFileReference; lastKnownFileType = sourcecode.swift; path = PreferencesWindow.swift; sourceTree = "<group>"; };
		1B0000000000000000000010 /* index.html */ = {isa = PBXFileReference; lastKnownFileType = text.html; name = index.html; path = ../index.html; sourceTree = "<group>"; };
		1B0000000000000000000011 /* Info.plist */ = {isa = PBXFileReference; lastKnownFileType = text.plist.xml; path = Info.plist; sourceTree = "<group>"; };
		1B0000000000000000000012 /* NotchReader.entitlements */ = {isa = PBXFileReference; lastKnownFileType = text.plist.entitlements; path = NotchReader.entitlements; sourceTree = "<group>"; };
		1A0000000000000000000006 /* NotchReader.app */ = {isa = PBXFileReference; explicitFileType = wrapper.application; includeInIndex = 0; path = NotchReader.app; sourceTree = BUILT_PRODUCTS_DIR; };
/* End PBXFileReference section */

/* Begin PBXFrameworksBuildPhase section */
		1A0000000000000000000009 /* Frameworks */ = {
			isa = PBXFrameworksBuildPhase;
			buildActionMask = 2147483647;
			files = (
			);
			runOnlyForDeploymentPostprocessing = 0;
		};
/* End PBXFrameworksBuildPhase section */

/* Begin PBXGroup section */
		1A0000000000000000000002 = {
			isa = PBXGroup;
			children = (
				1A0000000000000000000004 /* NotchReader */,
				1B0000000000000000000010 /* index.html */,
				1A0000000000000000000003 /* Products */,
			);
			sourceTree = "<group>";
		};
		1A0000000000000000000003 /* Products */ = {
			isa = PBXGroup;
			children = (
				1A0000000000000000000006 /* NotchReader.app */,
			);
			name = Products;
			sourceTree = "<group>";
		};
		1A0000000000000000000004 /* NotchReader */ = {
			isa = PBXGroup;
			children = (
				1B0000000000000000000001 /* AppDelegate.swift */,
				1B0000000000000000000002 /* Settings.swift */,
				1B0000000000000000000003 /* WebController.swift */,
				1B0000000000000000000004 /* FloatingPanel.swift */,
				1B0000000000000000000005 /* PrompterWindowController.swift */,
				1B0000000000000000000006 /* StatusItemController.swift */,
				1B0000000000000000000007 /* ComposerWindow.swift */,
				1B0000000000000000000008 /* HotKeyManager.swift */,
				1B0000000000000000000009 /* PreferencesWindow.swift */,
				1B0000000000000000000011 /* Info.plist */,
				1B0000000000000000000012 /* NotchReader.entitlements */,
			);
			path = NotchReader;
			sourceTree = "<group>";
		};
/* End PBXGroup section */

/* Begin PBXNativeTarget section */
		1A0000000000000000000005 /* NotchReader */ = {
			isa = PBXNativeTarget;
			buildConfigurationList = 1A000000000000000000000B /* Build configuration list for PBXNativeTarget "NotchReader" */;
			buildPhases = (
				1A0000000000000000000007 /* Sources */,
				1A0000000000000000000009 /* Frameworks */,
				1A0000000000000000000008 /* Resources */,
			);
			buildRules = (
			);
			dependencies = (
			);
			name = NotchReader;
			productName = NotchReader;
			productReference = 1A0000000000000000000006 /* NotchReader.app */;
			productType = "com.apple.product-type.application";
		};
/* End PBXNativeTarget section */

/* Begin PBXProject section */
		1A0000000000000000000001 /* Project object */ = {
			isa = PBXProject;
			attributes = {
				BuildIndependentTargetsInParallel = 1;
				LastSwiftUpdateCheck = 1600;
				LastUpgradeCheck = 1600;
				TargetAttributes = {
					1A0000000000000000000005 = {
						CreatedOnToolsVersion = 16.0;
					};
				};
			};
			buildConfigurationList = 1A000000000000000000000A /* Build configuration list for PBXProject "NotchReader" */;
			compatibilityVersion = "Xcode 14.0";
			developmentRegion = en;
			hasScannedForEncodings = 0;
			knownRegions = (
				en,
				Base,
			);
			mainGroup = 1A0000000000000000000002;
			productRefGroup = 1A0000000000000000000003 /* Products */;
			projectDirPath = "";
			projectRoot = "";
			targets = (
				1A0000000000000000000005 /* NotchReader */,
			);
		};
/* End PBXProject section */

/* Begin PBXResourcesBuildPhase section */
		1A0000000000000000000008 /* Resources */ = {
			isa = PBXResourcesBuildPhase;
			buildActionMask = 2147483647;
			files = (
				1C0000000000000000000010 /* index.html in Resources */,
			);
			runOnlyForDeploymentPostprocessing = 0;
		};
/* End PBXResourcesBuildPhase section */

/* Begin PBXSourcesBuildPhase section */
		1A0000000000000000000007 /* Sources */ = {
			isa = PBXSourcesBuildPhase;
			buildActionMask = 2147483647;
			files = (
				1C0000000000000000000001 /* AppDelegate.swift in Sources */,
				1C0000000000000000000002 /* Settings.swift in Sources */,
				1C0000000000000000000003 /* WebController.swift in Sources */,
				1C0000000000000000000004 /* FloatingPanel.swift in Sources */,
				1C0000000000000000000005 /* PrompterWindowController.swift in Sources */,
				1C0000000000000000000006 /* StatusItemController.swift in Sources */,
				1C0000000000000000000007 /* ComposerWindow.swift in Sources */,
				1C0000000000000000000008 /* HotKeyManager.swift in Sources */,
				1C0000000000000000000009 /* PreferencesWindow.swift in Sources */,
			);
			runOnlyForDeploymentPostprocessing = 0;
		};
/* End PBXSourcesBuildPhase section */

/* Begin XCBuildConfiguration section */
		1A000000000000000000000C /* Debug */ = {
			isa = XCBuildConfiguration;
			buildSettings = {
				ALWAYS_SEARCH_USER_PATHS = NO;
				CLANG_ANALYZER_NONNULL = YES;
				CLANG_ENABLE_MODULES = YES;
				CLANG_ENABLE_OBJC_ARC = YES;
				COPY_PHASE_STRIP = NO;
				DEBUG_INFORMATION_FORMAT = dwarf;
				ENABLE_STRICT_OBJC_MSGSEND = YES;
				ENABLE_TESTABILITY = YES;
				GCC_DYNAMIC_NO_PIC = NO;
				GCC_OPTIMIZATION_LEVEL = 0;
				GCC_PREPROCESSOR_DEFINITIONS = (
					"DEBUG=1",
					"$(inherited)",
				);
				MACOSX_DEPLOYMENT_TARGET = 13.0;
				MTL_ENABLE_DEBUG_INFO = INCLUDE_SOURCE;
				ONLY_ACTIVE_ARCH = YES;
				SDKROOT = macosx;
				SWIFT_ACTIVE_COMPILATION_CONDITIONS = DEBUG;
				SWIFT_OPTIMIZATION_LEVEL = "-Onone";
			};
			name = Debug;
		};
		1A000000000000000000000D /* Release */ = {
			isa = XCBuildConfiguration;
			buildSettings = {
				ALWAYS_SEARCH_USER_PATHS = NO;
				CLANG_ANALYZER_NONNULL = YES;
				CLANG_ENABLE_MODULES = YES;
				CLANG_ENABLE_OBJC_ARC = YES;
				COPY_PHASE_STRIP = NO;
				DEBUG_INFORMATION_FORMAT = "dwarf-with-dsym";
				ENABLE_NS_ASSERTIONS = NO;
				ENABLE_STRICT_OBJC_MSGSEND = YES;
				GCC_OPTIMIZATION_LEVEL = s;
				MACOSX_DEPLOYMENT_TARGET = 13.0;
				MTL_ENABLE_DEBUG_INFO = NO;
				SDKROOT = macosx;
				SWIFT_COMPILATION_MODE = wholemodule;
				SWIFT_OPTIMIZATION_LEVEL = "-O";
			};
			name = Release;
		};
		1A000000000000000000000E /* Debug */ = {
			isa = XCBuildConfiguration;
			buildSettings = {
				CODE_SIGN_ENTITLEMENTS = NotchReader/NotchReader.entitlements;
				CODE_SIGN_STYLE = Automatic;
				COMBINE_HIDPI_IMAGES = YES;
				CURRENT_PROJECT_VERSION = 1;
				ENABLE_HARDENED_RUNTIME = YES;
				GENERATE_INFOPLIST_FILE = NO;
				INFOPLIST_FILE = NotchReader/Info.plist;
				LD_RUNPATH_SEARCH_PATHS = (
					"$(inherited)",
					"@executable_path/../Frameworks",
				);
				MARKETING_VERSION = 1.0;
				PRODUCT_BUNDLE_IDENTIFIER = com.reader.notchreader;
				PRODUCT_NAME = "$(TARGET_NAME)";
				SWIFT_EMIT_LOC_STRINGS = YES;
				SWIFT_VERSION = 5.0;
			};
			name = Debug;
		};
		1A000000000000000000000F /* Release */ = {
			isa = XCBuildConfiguration;
			buildSettings = {
				CODE_SIGN_ENTITLEMENTS = NotchReader/NotchReader.entitlements;
				CODE_SIGN_STYLE = Automatic;
				COMBINE_HIDPI_IMAGES = YES;
				CURRENT_PROJECT_VERSION = 1;
				ENABLE_HARDENED_RUNTIME = YES;
				GENERATE_INFOPLIST_FILE = NO;
				INFOPLIST_FILE = NotchReader/Info.plist;
				LD_RUNPATH_SEARCH_PATHS = (
					"$(inherited)",
					"@executable_path/../Frameworks",
				);
				MARKETING_VERSION = 1.0;
				PRODUCT_BUNDLE_IDENTIFIER = com.reader.notchreader;
				PRODUCT_NAME = "$(TARGET_NAME)";
				SWIFT_EMIT_LOC_STRINGS = YES;
				SWIFT_VERSION = 5.0;
			};
			name = Release;
		};
/* End XCBuildConfiguration section */

/* Begin XCConfigurationList section */
		1A000000000000000000000A /* Build configuration list for PBXProject "NotchReader" */ = {
			isa = XCConfigurationList;
			buildConfigurations = (
				1A000000000000000000000C /* Debug */,
				1A000000000000000000000D /* Release */,
			);
			defaultConfigurationIsVisible = 0;
			defaultConfigurationName = Release;
		};
		1A000000000000000000000B /* Build configuration list for PBXNativeTarget "NotchReader" */ = {
			isa = XCConfigurationList;
			buildConfigurations = (
				1A000000000000000000000E /* Debug */,
				1A000000000000000000000F /* Release */,
			);
			defaultConfigurationIsVisible = 0;
			defaultConfigurationName = Release;
		};
/* End XCConfigurationList section */
	};
	rootObject = 1A0000000000000000000001 /* Project object */;
}
